
Microsoft Visual Studio Solution File, Format Version 12.00
# Visual Studio Version 17
VisualStudioVersion = 17.14.37710.0 d17.14
MinimumVisualStudioVersion = 10.0.40219.1
Project("{FAE04EC0-301F-11D3-BF4B-00C04F79EFBC}") = "LAbeille_B3Q1", "LAbeille_B3Q1\LAbeille_B3Q1.csproj", "{EAD00F86-328A-4BC3-B476-2F1DCA2DF58C}"
EndProject
Global
	GlobalSection(SolutionConfigurationPlatforms) = preSolution
		Debug|Any CPU = Debug|Any CPU
		Release|Any CPU = Release|Any CPU
	EndGlobalSection
	GlobalSection(ProjectConfigurationPlatforms) = postSolution
		{EAD00F86-328A-4BC3-B476-2F1DCA2DF58C}.Debug|Any CPU.ActiveCfg = Debug|Any CPU
		{EAD00F86-328A-4BC3-B476-2F1DCA2DF58C}.Debug|Any CPU.Build.0 = Debug|Any CPU
		{EAD00F86-328A-4BC3-B476-2F1DCA2DF58C}.Release|Any CPU.ActiveCfg = Release|Any CPU
		{EAD00F86-328A-4BC3-B476-2F1DCA2DF58C}.Release|Any CPU.Build.0 = Release|Any CPU
	EndGlobalSection
	GlobalSection(SolutionProperties) = preSolution
		HideSolutionNode = FALSE
	EndGlobalSection
	GlobalSection(ExtensibilityGlobals) = postSolution
		SolutionGuid = {DB0B7761-14DC-4DCD-90BC-3F5FF3F0C50D}
	EndGlobalSection
EndGlobal
